
Microsoft Visual Studio Solution File, Format Version 12.00
# Visual Studio Version 17
VisualStudioVersion = 17.0.31903.59
MinimumVisualStudioVersion = 10.0.40219.1
Project("{FAE04EC0-301F-11D3-BF4B-00C04F79EFBC}") = "core", "HKMM-Core\core.csproj", "{411FCB9C-02D5-40DB-8587-273825C04964}"
EndProject
Project("{FAE04EC0-301F-11D3-BF4B-00C04F79EFBC}") = "updater", "updater\updater.csproj", "{DD1F72F8-2CE4-4D3D-843E-F2B6C872D3F7}"
EndProject
Global
	GlobalSection(SolutionConfigurationPlatforms) = preSolution
		Debug|Any CPU = Debug|Any CPU
		Release|Any CPU = Release|Any CPU
	EndGlobalSection
	GlobalSection(SolutionProperties) = preSolution
		HideSolutionNode = FALSE
	EndGlobalSection
	GlobalSection(ProjectConfigurationPlatforms) = postSolution
		{411FCB9C-02D5-40DB-8587-273825C04964}.Debug|Any CPU.ActiveCfg = Debug|Any CPU
		{411FCB9C-02D5-40DB-8587-273825C04964}.Debug|Any CPU.Build.0 = Debug|Any CPU
		{411FCB9C-02D5-40DB-8587-273825C04964}.Release|Any CPU.ActiveCfg = Release|Any CPU
		{411FCB9C-02D5-40DB-8587-273825C04964}.Release|Any CPU.Build.0 = Release|Any CPU
		{DD1F72F8-2CE4-4D3D-843E-F2B6C872D3F7}.Debug|Any CPU.ActiveCfg = Debug|Any CPU
		{DD1F72F8-2CE4-4D3D-843E-F2B6C872D3F7}.Debug|Any CPU.Build.0 = Debug|Any CPU
		{DD1F72F8-2CE4-4D3D-843E-F2B6C872D3F7}.Release|Any CPU.ActiveCfg = Release|Any CPU
		{DD1F72F8-2CE4-4D3D-843E-F2B6C872D3F7}.Release|Any CPU.Build.0 = Release|Any CPU
	EndGlobalSection
EndGlobal
